
Microsoft Visual Studio Solution File, Format Version 12.00
# Visual Studio Version 16
VisualStudioVersion = 16.0.31702.278
MinimumVisualStudioVersion = 10.0.40219.1
Project("{9A19103F-16F7-4668-BE54-9A1E7A4F7556}") = "ShopBridge", "ShopBridge\ShopBridge.csproj", "{75609C28-861E-4807-8295-BC37D50D08EF}"
EndProject
Project("{FAE04EC0-301F-11D3-BF4B-00C04F79EFBC}") = "ShopBridge.Test", "ShopBridge.Test\ShopBridge.Test.csproj", "{D6994549-9BB1-4F30-8D78-337E295E67C5}"
EndProject
Global
	GlobalSection(SolutionConfigurationPlatforms) = preSolution
		Debug|Any CPU = Debug|Any CPU
		Release|Any CPU = Release|Any CPU
	EndGlobalSection
	GlobalSection(ProjectConfigurationPlatforms) = postSolution
		{75609C28-861E-4807-8295-BC37D50D08EF}.Debug|Any CPU.ActiveCfg = Debug|Any CPU
		{75609C28-861E-4807-8295-BC37D50D08EF}.Debug|Any CPU.Build.0 = Debug|Any CPU
		{75609C28-861E-4807-8295-BC37D50D08EF}.Release|Any CPU.ActiveCfg = Release|Any CPU
		{75609C28-861E-4807-8295-BC37D50D08EF}.Release|Any CPU.Build.0 = Release|Any CPU
		{D6994549-9BB1-4F30-8D78-337E295E67C5}.Debug|Any CPU.ActiveCfg = Debug|Any CPU
		{D6994549-9BB1-4F30-8D78-337E295E67C5}.Debug|Any CPU.Build.0 = Debug|Any CPU
		{D6994549-9BB1-4F30-8D78-337E295E67C5}.Release|Any CPU.ActiveCfg = Release|Any CPU
		{D6994549-9BB1-4F30-8D78-337E295E67C5}.Release|Any CPU.Build.0 = Release|Any CPU
	EndGlobalSection
	GlobalSection(SolutionProperties) = preSolution
		HideSolutionNode = FALSE
	EndGlobalSection
	GlobalSection(ExtensibilityGlobals) = postSolution
		SolutionGuid = {A376F68E-21EE-418A-8BF4-A9BF6D8A10F4}
	EndGlobalSection
EndGlobal
